
Microsoft Visual Studio Solution File, Format Version 12.00
# Visual Studio Version 17
VisualStudioVersion = 17.14.36327.8 d17.14
MinimumVisualStudioVersion = 10.0.40219.1
Project("{FAE04EC0-301F-11D3-BF4B-00C04F79EFBC}") = "WagerSpell", "WagerSpell\WagerSpell.csproj", "{351A64FD-F1FF-455B-9CA1-0B1277B8BE06}"
EndProject
Global
	GlobalSection(SolutionConfigurationPlatforms) = preSolution
		Debug|Any CPU = Debug|Any CPU
		Release|Any CPU = Release|Any CPU
	EndGlobalSection
	GlobalSection(ProjectConfigurationPlatforms) = postSolution
		{351A64FD-F1FF-455B-9CA1-0B1277B8BE06}.Debug|Any CPU.ActiveCfg = Debug|Any CPU
		{351A64FD-F1FF-455B-9CA1-0B1277B8BE06}.Debug|Any CPU.Build.0 = Debug|Any CPU
		{351A64FD-F1FF-455B-9CA1-0B1277B8BE06}.Release|Any CPU.ActiveCfg = Release|Any CPU
		{351A64FD-F1FF-455B-9CA1-0B1277B8BE06}.Release|Any CPU.Build.0 = Release|Any CPU
	EndGlobalSection
	GlobalSection(SolutionProperties) = preSolution
		HideSolutionNode = FALSE
	EndGlobalSection
	GlobalSection(ExtensibilityGlobals) = postSolution
		SolutionGuid = {52DB537C-79AA-4689-9559-7F19F7A2D302}
	EndGlobalSection
EndGlobal
